
Microsoft Visual Studio Solution File, Format Version 12.00
# Visual Studio 15
VisualStudioVersion = 15.0.28307.329
MinimumVisualStudioVersion = 10.0.40219.1
Project("{FAE04EC0-301F-11D3-BF4B-00C04F79EFBC}") = "OHConsulta.Android", "OHConsulta\OHConsulta.Android\OHConsulta.Android.csproj", "{5D16CBB0-4137-4220-B254-E430DC91AAFB}"
EndProject
Project("{FAE04EC0-301F-11D3-BF4B-00C04F79EFBC}") = "OHConsulta.iOS", "OHConsulta\OHConsulta.iOS\OHConsulta.iOS.csproj", "{D56A9D80-EAD4-4227-A840-49107060F56E}"
EndProject
Project("{9A19103F-16F7-4668-BE54-9A1E7A4F7556}") = "OHConsulta", "OHConsulta\OHConsulta\OHConsulta.csproj", "{98024027-2082-4A46-82CD-5FE76C7DB838}"
EndProject
Global
	GlobalSection(SolutionConfigurationPlatforms) = preSolution
		Ad-Hoc|Any CPU = Ad-Hoc|Any CPU
		Ad-Hoc|iPhone = Ad-Hoc|iPhone
		Ad-Hoc|iPhoneSimulator = Ad-Hoc|iPhoneSimulator
		AppStore|Any CPU = AppStore|Any CPU
		AppStore|iPhone = AppStore|iPhone
		AppStore|iPhoneSimulator = AppStore|iPhoneSimulator
		Debug|Any CPU = Debug|Any CPU
		Debug|iPhone = Debug|iPhone
		Debug|iPhoneSimulator = Debug|iPhoneSimulator
		Release|Any CPU = Release|Any CPU
		Release|iPhone = Release|iPhone
		Release|iPhoneSimulator = Release|iPhoneSimulator
	EndGlobalSection
	GlobalSection(ProjectConfigurationPlatforms) = postSolution
		{5D16CBB0-4137-4220-B254-E430DC91AAFB}.Ad-Hoc|Any CPU.ActiveCfg = Release|Any CPU
		{5D16CBB0-4137-4220-B254-E430DC91AAFB}.Ad-Hoc|Any CPU.Build.0 = Release|Any CPU
		{5D16CBB0-4137-4220-B254-E430DC91AAFB}.Ad-Hoc|Any CPU.Deploy.0 = Release|Any CPU
		{5D16CBB0-4137-4220-B254-E430DC91AAFB}.Ad-Hoc|iPhone.ActiveCfg = Release|Any CPU
		{5D16CBB0-4137-4220-B254-E430DC91AAFB}.Ad-Hoc|iPhone.Build.0 = Release|Any CPU
		{5D16CBB0-4137-4220-B254-E430DC91AAFB}.Ad-Hoc|iPhone.Deploy.0 = Release|Any CPU
		{5D16CBB0-4137-4220-B254-E430DC91AAFB}.Ad-Hoc|iPhoneSimulator.ActiveCfg = Release|Any CPU
		{5D16CBB0-4137-4220-B254-E430DC91AAFB}.Ad-Hoc|iPhoneSimulator.Build.0 = Release|Any CPU
		{5D16CBB0-4137-4220-B254-E430DC91AAFB}.Ad-Hoc|iPhoneSimulator.Deploy.0 = Release|Any CPU
		{5D16CBB0-4137-4220-B254-E430DC91AAFB}.AppStore|Any CPU.ActiveCfg = Release|Any CPU
		{5D16CBB0-4137-4220-B254-E430DC91AAFB}.AppStore|Any CPU.Build.0 = Release|Any CPU
		{5D16CBB0-4137-4220-B254-E430DC91AAFB}.AppStore|Any CPU.Deploy.0 = Release|Any CPU
		{5D16CBB0-4137-4220-B254-E430DC91AAFB}.AppStore|iPhone.ActiveCfg = Release|Any CPU
		{5D16CBB0-4137-4220-B254-E430DC91AAFB}.AppStore|iPhone.Build.0 = Release|Any CPU
		{5D16CBB0-4137-4220-B254-E430DC91AAFB}.AppStore|iPhone.Deploy.0 = Release|Any CPU
		{5D16CBB0-4137-4220-B254-E430DC91AAFB}.AppStore|iPhoneSimulator.ActiveCfg = Release|Any CPU
		{5D16CBB0-4137-4220-B254-E430DC91AAFB}.AppStore|iPhoneSimulator.Build.0 = Release|Any CPU
		{5D16CBB0-4137-4220-B254-E430DC91AAFB}.AppStore|iPhoneSimulator.Deploy.0 = Release|Any CPU
		{5D16CBB0-4137-4220-B254-E430DC91AAFB}.Debug|Any CPU.ActiveCfg = Debug|Any CPU
		{5D16CBB0-4137-4220-B254-E430DC91AAFB}.Debug|Any CPU.Build.0 = Debug|Any CPU
		{5D16CBB0-4137-4220-B254-E430DC91AAFB}.Debug|Any CPU.Deploy.0 = Debug|Any CPU
		{5D16CBB0-4137-4220-B254-E430DC91AAFB}.Debug|iPhone.ActiveCfg = Debug|Any CPU
		{5D16CBB0-4137-4220-B254-E430DC91AAFB}.Debug|iPhone.Build.0 = Debug|Any CPU
		{5D16CBB0-4137-4220-B254-E430DC91AAFB}.Debug|iPhone.Deploy.0 = Debug|Any CPU
		{5D16CBB0-4137-4220-B254-E430DC91AAFB}.Debug|iPhoneSimulator.ActiveCfg = Debug|Any CPU
		{5D16CBB0-4137-4220-B254-E430DC91AAFB}.Debug|iPhoneSimulator.Build.0 = Debug|Any CPU
		{5D16CBB0-4137-4220-B254-E430DC91AAFB}.Debug|iPhoneSimulator.Deploy.0 = Debug|Any CPU
		{5D16CBB0-4137-4220-B254-E430DC91AAFB}.Release|Any CPU.ActiveCfg = Release|Any CPU
		{5D16CBB0-4137-4220-B254-E430DC91AAFB}.Release|Any CPU.Build.0 = Release|Any CPU
		{5D16CBB0-4137-4220-B254-E430DC91AAFB}.Release|Any CPU.Deploy.0 = Release|Any CPU
		{5D16CBB0-4137-4220-B254-E430DC91AAFB}.Release|iPhone.ActiveCfg = Release|Any CPU
		{5D16CBB0-4137-4220-B254-E430DC91AAFB}.Release|iPhone.Build.0 = Release|Any CPU
		{5D16CBB0-4137-4220-B254-E430DC91AAFB}.Release|iPhone.Deploy.0 = Release|Any CPU
		{5D16CBB0-4137-4220-B254-E430DC91AAFB}.Release|iPhoneSimulator.ActiveCfg = Release|Any CPU
		{5D16CBB0-4137-4220-B254-E430DC91AAFB}.Release|iPhoneSimulator.Build.0 = Release|Any CPU
		{5D16CBB0-4137-4220-B254-E430DC91AAFB}.Release|iPhoneSimulator.Deploy.0 = Release|Any CPU
		{D56A9D80-EAD4-4227-A840-49107060F56E}.Ad-Hoc|Any CPU.ActiveCfg = Ad-Hoc|iPhone
		{D56A9D80-EAD4-4227-A840-49107060F56E}.Ad-Hoc|Any CPU.Build.0 = Ad-Hoc|iPhone
		{D56A9D80-EAD4-4227-A840-49107060F56E}.Ad-Hoc|Any CPU.Deploy.0 = Ad-Hoc|iPhone
		{D56A9D80-EAD4-4227-A840-49107060F56E}.Ad-Hoc|iPhone.ActiveCfg = Ad-Hoc|iPhone
		{D56A9D80-EAD4-4227-A840-49107060F56E}.Ad-Hoc|iPhone.Build.0 = Ad-Hoc|iPhone
		{D56A9D80-EAD4-4227-A840-49107060F56E}.Ad-Hoc|iPhone.Deploy.0 = Ad-Hoc|iPhone
		{D56A9D80-EAD4-4227-A840-49107060F56E}.Ad-Hoc|iPhoneSimulator.ActiveCfg = Ad-Hoc|iPhoneSimulator
		{D56A9D80-EAD4-4227-A840-49107060F56E}.Ad-Hoc|iPhoneSimulator.Build.0 = Ad-Hoc|iPhoneSimulator
		{D56A9D80-EAD4-4227-A840-49107060F56E}.Ad-Hoc|iPhoneSimulator.Deploy.0 = Ad-Hoc|iPhoneSimulator
		{D56A9D80-EAD4-4227-A840-49107060F56E}.AppStore|Any CPU.ActiveCfg = AppStore|iPhone
		{D56A9D80-EAD4-4227-A840-49107060F56E}.AppStore|Any CPU.Build.0 = AppStore|iPhone
		{D56A9D80-EAD4-4227-A840-49107060F56E}.AppStore|Any CPU.Deploy.0 = AppStore|iPhone
		{D56A9D80-EAD4-4227-A840-49107060F56E}.AppStore|iPhone.ActiveCfg = AppStore|iPhone
		{D56A9D80-EAD4-4227-A840-49107060F56E}.AppStore|iPhone.Build.0 = AppStore|iPhone
		{D56A9D80-EAD4-4227-A840-49107060F56E}.AppStore|iPhone.Deploy.0 = AppStore|iPhone
		{D56A9D80-EAD4-4227-A840-49107060F56E}.AppStore|iPhoneSimulator.ActiveCfg = AppStore|iPhoneSimulator
		{D56A9D80-EAD4-4227-A840-49107060F56E}.AppStore|iPhoneSimulator.Build.0 = AppStore|iPhoneSimulator
		{D56A9D80-EAD4-4227-A840-49107060F56E}.AppStore|iPhoneSimulator.Deploy.0 = AppStore|iPhoneSimulator
		{D56A9D80-EAD4-4227-A840-49107060F56E}.Debug|Any CPU.ActiveCfg = Debug|iPhoneSimulator
		{D56A9D80-EAD4-4227-A840-49107060F56E}.Debug|Any CPU.Build.0 = Debug|iPhoneSimulator
		{D56A9D80-EAD4-4227-A840-49107060F56E}.Debug|Any CPU.Deploy.0 = Debug|iPhoneSimulator
		{D56A9D80-EAD4-4227-A840-49107060F56E}.Debug|iPhone.ActiveCfg = Debug|iPhone
		{D56A9D80-EAD4-4227-A840-49107060F56E}.Debug|iPhone.Build.0 = Debug|iPhone
		{D56A9D80-EAD4-4227-A840-49107060F56E}.Debug|iPhone.Deploy.0 = Debug|iPhone
		{D56A9D80-EAD4-4227-A840-49107060F56E}.Debug|iPhoneSimulator.ActiveCfg = Debug|iPhoneSimulator
		{D56A9D80-EAD4-4227-A840-49107060F56E}.Debug|iPhoneSimulator.Build.0 = Debug|iPhoneSimulator
		{D56A9D80-EAD4-4227-A840-49107060F56E}.Debug|iPhoneSimulator.Deploy.0 = Debug|iPhoneSimulator
		{D56A9D80-EAD4-4227-A840-49107060F56E}.Release|Any CPU.ActiveCfg = Release|iPhone
		{D56A9D80-EAD4-4227-A840-49107060F56E}.Release|Any CPU.Deploy.0 = Release|iPhone
		{D56A9D80-EAD4-4227-A840-49107060F56E}.Release|iPhone.ActiveCfg = Release|iPhone
		{D56A9D80-EAD4-4227-A840-49107060F56E}.Release|iPhone.Build.0 = Release|iPhone
		{D56A9D80-EAD4-4227-A840-49107060F56E}.Release|iPhone.Deploy.0 = Release|iPhone
		{D56A9D80-EAD4-4227-A840-49107060F56E}.Release|iPhoneSimulator.ActiveCfg = Release|iPhoneSimulator
		{D56A9D80-EAD4-4227-A840-49107060F56E}.Release|iPhoneSimulator.Build.0 = Release|iPhoneSimulator
		{D56A9D80-EAD4-4227-A840-49107060F56E}.Release|iPhoneSimulator.Deploy.0 = Release|iPhoneSimulator
		{98024027-2082-4A46-82CD-5FE76C7DB838}.Ad-Hoc|Any CPU.ActiveCfg = Debug|Any CPU
		{98024027-2082-4A46-82CD-5FE76C7DB838}.Ad-Hoc|Any CPU.Build.0 = Debug|Any CPU
		{98024027-2082-4A46-82CD-5FE76C7DB838}.Ad-Hoc|Any CPU.Deploy.0 = Debug|Any CPU
		{98024027-2082-4A46-82CD-5FE76C7DB838}.Ad-Hoc|iPhone.ActiveCfg = Debug|Any CPU
		{98024027-2082-4A46-82CD-5FE76C7DB838}.Ad-Hoc|iPhone.Build.0 = Debug|Any CPU
		{98024027-2082-4A46-82CD-5FE76C7DB838}.Ad-Hoc|iPhone.Deploy.0 = Debug|Any CPU
		{98024027-2082-4A46-82CD-5FE76C7DB838}.Ad-Hoc|iPhoneSimulator.ActiveCfg = Debug|Any CPU
		{98024027-2082-4A46-82CD-5FE76C7DB838}.Ad-Hoc|iPhoneSimulator.Build.0 = Debug|Any CPU
		{98024027-2082-4A46-82CD-5FE76C7DB838}.Ad-Hoc|iPhoneSimulator.Deploy.0 = Debug|Any CPU
		{98024027-2082-4A46-82CD-5FE76C7DB838}.AppStore|Any CPU.ActiveCfg = Debug|Any CPU
		{98024027-2082-4A46-82CD-5FE76C7DB838}.AppStore|Any CPU.Build.0 = Debug|Any CPU
		{98024027-2082-4A46-82CD-5FE76C7DB838}.AppStore|Any CPU.Deploy.0 = Debug|Any CPU
		{98024027-2082-4A46-82CD-5FE76C7DB838}.AppStore|iPhone.ActiveCfg = Debug|Any CPU
		{98024027-2082-4A46-82CD-5FE76C7DB838}.AppStore|iPhone.Build.0 = Debug|Any CPU
		{98024027-2082-4A46-82CD-5FE76C7DB838}.AppStore|iPhone.Deploy.0 = Debug|Any CPU
		{98024027-2082-4A46-82CD-5FE76C7DB838}.AppStore|iPhoneSimulator.ActiveCfg = Debug|Any CPU
		{98024027-2082-4A46-82CD-5FE76C7DB838}.AppStore|iPhoneSimulator.Build.0 = Debug|Any CPU
		{98024027-2082-4A46-82CD-5FE76C7DB838}.AppStore|iPhoneSimulator.Deploy.0 = Debug|Any CPU
		{98024027-2082-4A46-82CD-5FE76C7DB838}.Debug|Any CPU.ActiveCfg = Debug|Any CPU
		{98024027-2082-4A46-82CD-5FE76C7DB838}.Debug|Any CPU.Build.0 = Debug|Any CPU
		{98024027-2082-4A46-82CD-5FE76C7DB838}.Debug|Any CPU.Deploy.0 = Debug|Any CPU
		{98024027-2082-4A46-82CD-5FE76C7DB838}.Debug|iPhone.ActiveCfg = Debug|Any CPU
		{98024027-2082-4A46-82CD-5FE76C7DB838}.Debug|iPhone.Build.0 = Debug|Any CPU
		{98024027-2082-4A46-82CD-5FE76C7DB838}.Debug|iPhone.Deploy.0 = Debug|Any CPU
		{98024027-2082-4A46-82CD-5FE76C7DB838}.Debug|iPhoneSimulator.ActiveCfg = Debug|Any CPU
		{98024027-2082-4A46-82CD-5FE76C7DB838}.Debug|iPhoneSimulator.Build.0 = Debug|Any CPU
		{98024027-2082-4A46-82CD-5FE76C7DB838}.Debug|iPhoneSimulator.Deploy.0 = Debug|Any CPU
		{98024027-2082-4A46-82CD-5FE76C7DB838}.Release|Any CPU.ActiveCfg = Release|Any CPU
		{98024027-2082-4A46-82CD-5FE76C7DB838}.Release|Any CPU.Build.0 = Release|Any CPU
		{98024027-2082-4A46-82CD-5FE76C7DB838}.Release|Any CPU.Deploy.0 = Release|Any CPU
		{98024027-2082-4A46-82CD-5FE76C7DB838}.Release|iPhone.ActiveCfg = Release|Any CPU
		{98024027-2082-4A46-82CD-5FE76C7DB838}.Release|iPhone.Build.0 = Release|Any CPU
		{98024027-2082-4A46-82CD-5FE76C7DB838}.Release|iPhone.Deploy.0 = Release|Any CPU
		{98024027-2082-4A46-82CD-5FE76C7DB838}.Release|iPhoneSimulator.ActiveCfg = Release|Any CPU
		{98024027-2082-4A46-82CD-5FE76C7DB838}.Release|iPhoneSimulator.Build.0 = Release|Any CPU
		{98024027-2082-4A46-82CD-5FE76C7DB838}.Release|iPhoneSimulator.Deploy.0 = Release|Any CPU
	EndGlobalSection
	GlobalSection(SolutionProperties) = preSolution
		HideSolutionNode = FALSE
	EndGlobalSection
	GlobalSection(ExtensibilityGlobals) = postSolution
		SolutionGuid = {7749F68C-57E5-4B9F-BFC2-78088AC3F194}
	EndGlobalSection
EndGlobal
